
Microsoft Visual Studio Solution File, Format Version 12.00
# Visual Studio Version 16
VisualStudioVersion = 16.0.29613.14
MinimumVisualStudioVersion = 10.0.40219.1
Project("{FAE04EC0-301F-11D3-BF4B-00C04F79EFBC}") = "Convertor", "Convertor.csproj", "{6DAE3A58-F3FD-43D0-80B9-0F2D57AA941F}"
EndProject
Global
	GlobalSection(SolutionConfigurationPlatforms) = preSolution
		Debug|Any CPU = Debug|Any CPU
		Release|Any CPU = Release|Any CPU
	EndGlobalSection
	GlobalSection(ProjectConfigurationPlatforms) = postSolution
		{6DAE3A58-F3FD-43D0-80B9-0F2D57AA941F}.Debug|Any CPU.ActiveCfg = Debug|Any CPU
		{6DAE3A58-F3FD-43D0-80B9-0F2D57AA941F}.Debug|Any CPU.Build.0 = Debug|Any CPU
		{6DAE3A58-F3FD-43D0-80B9-0F2D57AA941F}.Release|Any CPU.ActiveCfg = Release|Any CPU
		{6DAE3A58-F3FD-43D0-80B9-0F2D57AA941F}.Release|Any CPU.Build.0 = Release|Any CPU
	EndGlobalSection
	GlobalSection(SolutionProperties) = preSolution
		HideSolutionNode = FALSE
	EndGlobalSection
	GlobalSection(ExtensibilityGlobals) = postSolution
		SolutionGuid = {C567365A-B975-4348-8C17-E3F747EE2EB4}
	EndGlobalSection
EndGlobal
